
Microsoft Visual Studio Solution File, Format Version 12.00
# Visual Studio 15
VisualStudioVersion = 15.0.26730.16
MinimumVisualStudioVersion = 10.0.40219.1
Project("{FAE04EC0-301F-11D3-BF4B-00C04F79EFBC}") = "TestIIM", "TestIIM\TestIIM.csproj", "{8D116B45-F877-4FA7-9C70-B0C0C1D906D7}"
EndProject
Global
	GlobalSection(SolutionConfigurationPlatforms) = preSolution
		Debug|Any CPU = Debug|Any CPU
		Release|Any CPU = Release|Any CPU
	EndGlobalSection
	GlobalSection(ProjectConfigurationPlatforms) = postSolution
		{8D116B45-F877-4FA7-9C70-B0C0C1D906D7}.Debug|Any CPU.ActiveCfg = Debug|Any CPU
		{8D116B45-F877-4FA7-9C70-B0C0C1D906D7}.Debug|Any CPU.Build.0 = Debug|Any CPU
		{8D116B45-F877-4FA7-9C70-B0C0C1D906D7}.Release|Any CPU.ActiveCfg = Release|Any CPU
		{8D116B45-F877-4FA7-9C70-B0C0C1D906D7}.Release|Any CPU.Build.0 = Release|Any CPU
	EndGlobalSection
	GlobalSection(SolutionProperties) = preSolution
		HideSolutionNode = FALSE
	EndGlobalSection
	GlobalSection(ExtensibilityGlobals) = postSolution
		SolutionGuid = {0B834985-7662-49F0-A0EF-F2830E820055}
	EndGlobalSection
EndGlobal
